// !$*UTF8*$!
{
	archiveVersion = 1;
	classes = {
	};
	objectVersion = 55;
	objects = {

/* Begin PBXBuildFile section */
		633F28432A0665DE00124B24 /* AppDelegate.swift in Sources */ = {isa = PBXBuildFile; fileRef = 633F28422A0665DE00124B24 /* AppDelegate.swift */; };
		633F28452A0665DE00124B24 /* SceneDelegate.swift in Sources */ = {isa = PBXBuildFile; fileRef = 633F28442A0665DE00124B24 /* SceneDelegate.swift */; };
		633F28472A0665DE00124B24 /* ViewController.swift in Sources */ = {isa = PBXBuildFile; fileRef = 633F28462A0665DE00124B24 /* ViewController.swift */; };
		633F284A2A0665DE00124B24 /* Main.storyboard in Resources */ = {isa = PBXBuildFile; fileRef = 633F28482A0665DE00124B24 /* Main.storyboard */; };
		633F284C2A0665E100124B24 /* Assets.xcassets in Resources */ = {isa = PBXBuildFile; fileRef = 633F284B2A0665E100124B24 /* Assets.xcassets */; };
		633F284F2A0665E100124B24 /* LaunchScreen.storyboard in Resources */ = {isa = PBXBuildFile; fileRef = 633F284D2A0665E100124B24 /* LaunchScreen.storyboard */; };
		63EFDEBC2A07F3EE0042BD58 /* Habit.swift in Sources */ = {isa = PBXBuildFile; fileRef = 63EFDEBB2A07F3EE0042BD58 /* Habit.swift */; };
		63EFDEBE2A0808550042BD58 /* Profile.swift in Sources */ = {isa = PBXBuildFile; fileRef = 63EFDEBD2A0808550042BD58 /* Profile.swift */; };
		63EFDEC22A080A1D0042BD58 /* HabbitFactory.swift in Sources */ = {isa = PBXBuildFile; fileRef = 63EFDEC12A080A1D0042BD58 /* HabbitFactory.swift */; };
		C14BEC604615C8B94F2BC9F3 /* Pods_HabitsTrackeriOS.framework in Frameworks */ = {isa = PBXBuildFile; fileRef = A00D4E6A919F23091909C4C9 /* Pods_HabitsTrackeriOS.framework */; };
		EAEAE01E2A06B14B00DA2CEB /* RegisterViewController.swift in Sources */ = {isa = PBXBuildFile; fileRef = EAEAE01D2A06B14B00DA2CEB /* RegisterViewController.swift */; };
/* End PBXBuildFile section */

/* Begin PBXFileReference section */
		5126B9613072E57CD80A079D /* Pods-HabitsTrackeriOS.debug.xcconfig */ = {isa = PBXFileReference; includeInIndex = 1; lastKnownFileType = text.xcconfig; name = "Pods-HabitsTrackeriOS.debug.xcconfig"; path = "Target Support Files/Pods-HabitsTrackeriOS/Pods-HabitsTrackeriOS.debug.xcconfig"; sourceTree = "<group>"; };
		633F283F2A0665DE00124B24 /* HabitsTrackeriOS.app */ = {isa = PBXFileReference; explicitFileType = wrapper.application; includeInIndex = 0; path = HabitsTrackeriOS.app; sourceTree = BUILT_PRODUCTS_DIR; };
		633F28422A0665DE00124B24 /* AppDelegate.swift */ = {isa = PBXFileReference; lastKnownFileType = sourcecode.swift; path = AppDelegate.swift; sourceTree = "<group>"; };
		633F28442A0665DE00124B24 /* SceneDelegate.swift */ = {isa = PBXFileReference; lastKnownFileType = sourcecode.swift; path = SceneDelegate.swift; sourceTree = "<group>"; };
		633F28462A0665DE00124B24 /* ViewController.swift */ = {isa = PBXFileReference; lastKnownFileType = sourcecode.swift; path = ViewController.swift; sourceTree = "<group>"; };
		633F28492A0665DE00124B24 /* Base */ = {isa = PBXFileReference; lastKnownFileType = file.storyboard; name = Base; path = Base.lproj/Main.storyboard; sourceTree = "<group>"; };
		633F284B2A0665E100124B24 /* Assets.xcassets */ = {isa = PBXFileReference; lastKnownFileType = folder.assetcatalog; path = Assets.xcassets; sourceTree = "<group>"; };
		633F284E2A0665E100124B24 /* Base */ = {isa = PBXFileReference; lastKnownFileType = file.storyboard; name = Base; path = Base.lproj/LaunchScreen.storyboard; sourceTree = "<group>"; };
		633F28502A0665E100124B24 /* Info.plist */ = {isa = PBXFileReference; lastKnownFileType = text.plist.xml; path = Info.plist; sourceTree = "<group>"; };
		63EFDEBB2A07F3EE0042BD58 /* Habit.swift */ = {isa = PBXFileReference; lastKnownFileType = sourcecode.swift; path = Habit.swift; sourceTree = "<group>"; };
		63EFDEBD2A0808550042BD58 /* Profile.swift */ = {isa = PBXFileReference; lastKnownFileType = sourcecode.swift; path = Profile.swift; sourceTree = "<group>"; };
		63EFDEC12A080A1D0042BD58 /* HabbitFactory.swift */ = {isa = PBXFileReference; lastKnownFileType = sourcecode.swift; path = HabbitFactory.swift; sourceTree = "<group>"; };
		A00D4E6A919F23091909C4C9 /* Pods_HabitsTrackeriOS.framework */ = {isa = PBXFileReference; explicitFileType = wrapper.framework; includeInIndex = 0; path = Pods_HabitsTrackeriOS.framework; sourceTree = BUILT_PRODUCTS_DIR; };
		EAEAE01D2A06B14B00DA2CEB /* RegisterViewController.swift */ = {isa = PBXFileReference; lastKnownFileType = sourcecode.swift; path = RegisterViewController.swift; sourceTree = "<group>"; };
		EDFA47962A68F82B8A9C5352 /* Pods-HabitsTrackeriOS.release.xcconfig */ = {isa = PBXFileReference; includeInIndex = 1; lastKnownFileType = text.xcconfig; name = "Pods-HabitsTrackeriOS.release.xcconfig"; path = "Target Support Files/Pods-HabitsTrackeriOS/Pods-HabitsTrackeriOS.release.xcconfig"; sourceTree = "<group>"; };
/* End PBXFileReference section */

/* Begin PBXFrameworksBuildPhase section */
		633F283C2A0665DE00124B24 /* Frameworks */ = {
			isa = PBXFrameworksBuildPhase;
			buildActionMask = 2147483647;
			files = (
				C14BEC604615C8B94F2BC9F3 /* Pods_HabitsTrackeriOS.framework in Frameworks */,
			);
			runOnlyForDeploymentPostprocessing = 0;
		};
/* End PBXFrameworksBuildPhase section */

/* Begin PBXGroup section */
		633F28362A0665DD00124B24 = {
			isa = PBXGroup;
			children = (
				633F28412A0665DE00124B24 /* HabitsTrackeriOS */,
				633F28402A0665DE00124B24 /* Products */,
				698BF609E5D6A214E54044DE /* Pods */,
				DA0E364CA501EBF647270773 /* Frameworks */,
			);
			sourceTree = "<group>";
		};
		633F28402A0665DE00124B24 /* Products */ = {
			isa = PBXGroup;
			children = (
				633F283F2A0665DE00124B24 /* HabitsTrackeriOS.app */,
			);
			name = Products;
			sourceTree = "<group>";
		};
		633F28412A0665DE00124B24 /* HabitsTrackeriOS */ = {
			isa = PBXGroup;
			children = (
				633F28422A0665DE00124B24 /* AppDelegate.swift */,
				633F28442A0665DE00124B24 /* SceneDelegate.swift */,
				63EFDEC02A0809F90042BD58 /* Helper */,
				63EFDEBF2A0809CE0042BD58 /* Model */,
				63EFDEB92A07F39F0042BD58 /* Presenter */,
				EAEAE01C2A06B10A00DA2CEB /* View */,
				633F28482A0665DE00124B24 /* Main.storyboard */,
				633F284B2A0665E100124B24 /* Assets.xcassets */,
				633F284D2A0665E100124B24 /* LaunchScreen.storyboard */,
				633F28502A0665E100124B24 /* Info.plist */,
			);
			path = HabitsTrackeriOS;
			sourceTree = "<group>";
		};
		63EFDEB92A07F39F0042BD58 /* Presenter */ = {
			isa = PBXGroup;
			children = (
			);
			path = Presenter;
			sourceTree = "<group>";
		};
		63EFDEBF2A0809CE0042BD58 /* Model */ = {
			isa = PBXGroup;
			children = (
				63EFDEBD2A0808550042BD58 /* Profile.swift */,
				63EFDEBB2A07F3EE0042BD58 /* Habit.swift */,
			);
			path = Model;
			sourceTree = "<group>";
		};
		63EFDEC02A0809F90042BD58 /* Helper */ = {
			isa = PBXGroup;
			children = (
				63EFDEC12A080A1D0042BD58 /* HabbitFactory.swift */,
			);
			path = Helper;
			sourceTree = "<group>";
		};
		698BF609E5D6A214E54044DE /* Pods */ = {
			isa = PBXGroup;
			children = (
				5126B9613072E57CD80A079D /* Pods-HabitsTrackeriOS.debug.xcconfig */,
				EDFA47962A68F82B8A9C5352 /* Pods-HabitsTrackeriOS.release.xcconfig */,
			);
			path = Pods;
			sourceTree = "<group>";
		};
		DA0E364CA501EBF647270773 /* Frameworks */ = {
			isa = PBXGroup;
			children = (
				A00D4E6A919F23091909C4C9 /* Pods_HabitsTrackeriOS.framework */,
			);
			name = Frameworks;
			sourceTree = "<group>";
		};
		EAEAE01C2A06B10A00DA2CEB /* View */ = {
			isa = PBXGroup;
			children = (
				633F28462A0665DE00124B24 /* ViewController.swift */,
				EAEAE01D2A06B14B00DA2CEB /* RegisterViewController.swift */,
			);
			path = View;
			sourceTree = "<group>";
		};
/* End PBXGroup section */

/* Begin PBXNativeTarget section */
		633F283E2A0665DE00124B24 /* HabitsTrackeriOS */ = {
			isa = PBXNativeTarget;
			buildConfigurationList = 633F28532A0665E100124B24 /* Build configuration list for PBXNativeTarget "HabitsTrackeriOS" */;
			buildPhases = (
				C981A0D2D27A8828D976CE3F /* [CP] Check Pods Manifest.lock */,
				633F283B2A0665DE00124B24 /* Sources */,
				633F283C2A0665DE00124B24 /* Frameworks */,
				633F283D2A0665DE00124B24 /* Resources */,
				F5600931B53D89784448A313 /* [CP] Embed Pods Frameworks */,
			);
			buildRules = (
			);
			dependencies = (
			);
			name = HabitsTrackeriOS;
			productName = HabitsTrackeriOS;
			productReference = 633F283F2A0665DE00124B24 /* HabitsTrackeriOS.app */;
			productType = "com.apple.product-type.application";
		};
/* End PBXNativeTarget section */

/* Begin PBXProject section */
		633F28372A0665DD00124B24 /* Project object */ = {
			isa = PBXProject;
			attributes = {
				BuildIndependentTargetsInParallel = 1;
				LastSwiftUpdateCheck = 1320;
				LastUpgradeCheck = 1320;
				TargetAttributes = {
					633F283E2A0665DE00124B24 = {
						CreatedOnToolsVersion = 13.2.1;
					};
				};
			};
			buildConfigurationList = 633F283A2A0665DD00124B24 /* Build configuration list for PBXProject "HabitsTrackeriOS" */;
			compatibilityVersion = "Xcode 13.0";
			developmentRegion = en;
			hasScannedForEncodings = 0;
			knownRegions = (
				en,
				Base,
			);
			mainGroup = 633F28362A0665DD00124B24;
			productRefGroup = 633F28402A0665DE00124B24 /* Products */;
			projectDirPath = "";
			projectRoot = "";
			targets = (
				633F283E2A0665DE00124B24 /* HabitsTrackeriOS */,
			);
		};
/* End PBXProject section */

/* Begin PBXResourcesBuildPhase section */
		633F283D2A0665DE00124B24 /* Resources */ = {
			isa = PBXResourcesBuildPhase;
			buildActionMask = 2147483647;
			files = (
				633F284F2A0665E100124B24 /* LaunchScreen.storyboard in Resources */,
				633F284C2A0665E100124B24 /* Assets.xcassets in Resources */,
				633F284A2A0665DE00124B24 /* Main.storyboard in Resources */,
			);
			runOnlyForDeploymentPostprocessing = 0;
		};
/* End PBXResourcesBuildPhase section */

/* Begin PBXShellScriptBuildPhase section */
		C981A0D2D27A8828D976CE3F /* [CP] Check Pods Manifest.lock */ = {
			isa = PBXShellScriptBuildPhase;
			buildActionMask = 2147483647;
			files = (
			);
			inputFileListPaths = (
			);
			inputPaths = (
				"${PODS_PODFILE_DIR_PATH}/Podfile.lock",
				"${PODS_ROOT}/Manifest.lock",
			);
			name = "[CP] Check Pods Manifest.lock";
			outputFileListPaths = (
			);
			outputPaths = (
				"$(DERIVED_FILE_DIR)/Pods-HabitsTrackeriOS-checkManifestLockResult.txt",
			);
			runOnlyForDeploymentPostprocessing = 0;
			shellPath = /bin/sh;
			shellScript = "diff \"${PODS_PODFILE_DIR_PATH}/Podfile.lock\" \"${PODS_ROOT}/Manifest.lock\" > /dev/null\nif [ $? != 0 ] ; then\n    # print error to STDERR\n    echo \"error: The sandbox is not in sync with the Podfile.lock. Run 'pod install' or update your CocoaPods installation.\" >&2\n    exit 1\nfi\n# This output is used by Xcode 'outputs' to avoid re-running this script phase.\necho \"SUCCESS\" > \"${SCRIPT_OUTPUT_FILE_0}\"\n";
			showEnvVarsInLog = 0;
		};
		F5600931B53D89784448A313 /* [CP] Embed Pods Frameworks */ = {
			isa = PBXShellScriptBuildPhase;
			buildActionMask = 2147483647;
			files = (
			);
			inputFileListPaths = (
				"${PODS_ROOT}/Target Support Files/Pods-HabitsTrackeriOS/Pods-HabitsTrackeriOS-frameworks-${CONFIGURATION}-input-files.xcfilelist",
			);
			name = "[CP] Embed Pods Frameworks";
			outputFileListPaths = (
				"${PODS_ROOT}/Target Support Files/Pods-HabitsTrackeriOS/Pods-HabitsTrackeriOS-frameworks-${CONFIGURATION}-output-files.xcfilelist",
			);
			runOnlyForDeploymentPostprocessing = 0;
			shellPath = /bin/sh;
			shellScript = "\"${PODS_ROOT}/Target Support Files/Pods-HabitsTrackeriOS/Pods-HabitsTrackeriOS-frameworks.sh\"\n";
			showEnvVarsInLog = 0;
		};
/* End PBXShellScriptBuildPhase section */

/* Begin PBXSourcesBuildPhase section */
		633F283B2A0665DE00124B24 /* Sources */ = {
			isa = PBXSourcesBuildPhase;
			buildActionMask = 2147483647;
			files = (
				633F28472A0665DE00124B24 /* ViewController.swift in Sources */,
				63EFDEBE2A0808550042BD58 /* Profile.swift in Sources */,
				63EFDEBC2A07F3EE0042BD58 /* Habit.swift in Sources */,
				63EFDEC22A080A1D0042BD58 /* HabbitFactory.swift in Sources */,
				633F28432A0665DE00124B24 /* AppDelegate.swift in Sources */,
				633F28452A0665DE00124B24 /* SceneDelegate.swift in Sources */,
				EAEAE01E2A06B14B00DA2CEB /* RegisterViewController.swift in Sources */,
			);
			runOnlyForDeploymentPostprocessing = 0;
		};
/* End PBXSourcesBuildPhase section */

/* Begin PBXVariantGroup section */
		633F28482A0665DE00124B24 /* Main.storyboard */ = {
			isa = PBXVariantGroup;
			children = (
				633F28492A0665DE00124B24 /* Base */,
			);
			name = Main.storyboard;
			sourceTree = "<group>";
		};
		633F284D2A0665E100124B24 /* LaunchScreen.storyboard */ = {
			isa = PBXVariantGroup;
			children = (
				633F284E2A0665E100124B24 /* Base */,
			);
			name = LaunchScreen.storyboard;
			sourceTree = "<group>";
		};
/* End PBXVariantGroup section */

/* Begin XCBuildConfiguration section */
		633F28512A0665E100124B24 /* Debug */ = {
			isa = XCBuildConfiguration;
			buildSettings = {
				ALWAYS_SEARCH_USER_PATHS = NO;
				CLANG_ANALYZER_NONNULL = YES;
				CLANG_ANALYZER_NUMBER_OBJECT_CONVERSION = YES_AGGRESSIVE;
				CLANG_CXX_LANGUAGE_STANDARD = "gnu++17";
				CLANG_CXX_LIBRARY = "libc++";
				CLANG_ENABLE_MODULES = YES;
				CLANG_ENABLE_OBJC_ARC = YES;
				CLANG_ENABLE_OBJC_WEAK = YES;
				CLANG_WARN_BLOCK_CAPTURE_AUTORELEASING = YES;
				CLANG_WARN_BOOL_CONVERSION = YES;
				CLANG_WARN_COMMA = YES;
				CLANG_WARN_CONSTANT_CONVERSION = YES;
				CLANG_WARN_DEPRECATED_OBJC_IMPLEMENTATIONS = YES;
				CLANG_WARN_DIRECT_OBJC_ISA_USAGE = YES_ERROR;
				CLANG_WARN_DOCUMENTATION_COMMENTS = YES;
				CLANG_WARN_EMPTY_BODY = YES;
				CLANG_WARN_ENUM_CONVERSION = YES;
				CLANG_WARN_INFINITE_RECURSION = YES;
				CLANG_WARN_INT_CONVERSION = YES;
				CLANG_WARN_NON_LITERAL_NULL_CONVERSION = YES;
				CLANG_WARN_OBJC_IMPLICIT_RETAIN_SELF = YES;
				CLANG_WARN_OBJC_LITERAL_CONVERSION = YES;
				CLANG_WARN_OBJC_ROOT_CLASS = YES_ERROR;
				CLANG_WARN_QUOTED_INCLUDE_IN_FRAMEWORK_HEADER = YES;
				CLANG_WARN_RANGE_LOOP_ANALYSIS = YES;
				CLANG_WARN_STRICT_PROTOTYPES = YES;
				CLANG_WARN_SUSPICIOUS_MOVE = YES;
				CLANG_WARN_UNGUARDED_AVAILABILITY = YES_AGGRESSIVE;
				CLANG_WARN_UNREACHABLE_CODE = YES;
				CLANG_WARN__DUPLICATE_METHOD_MATCH = YES;
				COPY_PHASE_STRIP = NO;
				DEBUG_INFORMATION_FORMAT = dwarf;
				ENABLE_STRICT_OBJC_MSGSEND = YES;
				ENABLE_TESTABILITY = YES;
				GCC_C_LANGUAGE_STANDARD = gnu11;
				GCC_DYNAMIC_NO_PIC = NO;
				GCC_NO_COMMON_BLOCKS = YES;
				GCC_OPTIMIZATION_LEVEL = 0;
				GCC_PREPROCESSOR_DEFINITIONS = (
					"DEBUG=1",
					"$(inherited)",
				);
				GCC_WARN_64_TO_32_BIT_CONVERSION = YES;
				GCC_WARN_ABOUT_RETURN_TYPE = YES_ERROR;
				GCC_WARN_UNDECLARED_SELECTOR = YES;
				GCC_WARN_UNINITIALIZED_AUTOS = YES_AGGRESSIVE;
				GCC_WARN_UNUSED_FUNCTION = YES;
				GCC_WARN_UNUSED_VARIABLE = YES;
				IPHONEOS_DEPLOYMENT_TARGET = 15.2;
				MTL_ENABLE_DEBUG_INFO = INCLUDE_SOURCE;
				MTL_FAST_MATH = YES;
				ONLY_ACTIVE_ARCH = YES;
				SDKROOT = iphoneos;
				SWIFT_ACTIVE_COMPILATION_CONDITIONS = DEBUG;
				SWIFT_OPTIMIZATION_LEVEL = "-Onone";
			};
			name = Debug;
		};
		633F28522A0665E100124B24 /* Release */ = {
			isa = XCBuildConfiguration;
			buildSettings = {
				ALWAYS_SEARCH_USER_PATHS = NO;
				CLANG_ANALYZER_NONNULL = YES;
				CLANG_ANALYZER_NUMBER_OBJECT_CONVERSION = YES_AGGRESSIVE;
				CLANG_CXX_LANGUAGE_STANDARD = "gnu++17";
				CLANG_CXX_LIBRARY = "libc++";
				CLANG_ENABLE_MODULES = YES;
				CLANG_ENABLE_OBJC_ARC = YES;
				CLANG_ENABLE_OBJC_WEAK = YES;
				CLANG_WARN_BLOCK_CAPTURE_AUTORELEASING = YES;
				CLANG_WARN_BOOL_CONVERSION = YES;
				CLANG_WARN_COMMA = YES;
				CLANG_WARN_CONSTANT_CONVERSION = YES;
				CLANG_WARN_DEPRECATED_OBJC_IMPLEMENTATIONS = YES;
				CLANG_WARN_DIRECT_OBJC_ISA_USAGE = YES_ERROR;
				CLANG_WARN_DOCUMENTATION_COMMENTS = YES;
				CLANG_WARN_EMPTY_BODY = YES;
				CLANG_WARN_ENUM_CONVERSION = YES;
				CLANG_WARN_INFINITE_RECURSION = YES;
				CLANG_WARN_INT_CONVERSION = YES;
				CLANG_WARN_NON_LITERAL_NULL_CONVERSION = YES;
				CLANG_WARN_OBJC_IMPLICIT_RETAIN_SELF = YES;
				CLANG_WARN_OBJC_LITERAL_CONVERSION = YES;
				CLANG_WARN_OBJC_ROOT_CLASS = YES_ERROR;
				CLANG_WARN_QUOTED_INCLUDE_IN_FRAMEWORK_HEADER = YES;
				CLANG_WARN_RANGE_LOOP_ANALYSIS = YES;
				CLANG_WARN_STRICT_PROTOTYPES = YES;
				CLANG_WARN_SUSPICIOUS_MOVE = YES;
				CLANG_WARN_UNGUARDED_AVAILABILITY = YES_AGGRESSIVE;
				CLANG_WARN_UNREACHABLE_CODE = YES;
				CLANG_WARN__DUPLICATE_METHOD_MATCH = YES;
				COPY_PHASE_STRIP = NO;
				DEBUG_INFORMATION_FORMAT = "dwarf-with-dsym";
				ENABLE_NS_ASSERTIONS = NO;
				ENABLE_STRICT_OBJC_MSGSEND = YES;
				GCC_C_LANGUAGE_STANDARD = gnu11;
				GCC_NO_COMMON_BLOCKS = YES;
				GCC_WARN_64_TO_32_BIT_CONVERSION = YES;
				GCC_WARN_ABOUT_RETURN_TYPE = YES_ERROR;
				GCC_WARN_UNDECLARED_SELECTOR = YES;
				GCC_WARN_UNINITIALIZED_AUTOS = YES_AGGRESSIVE;
				GCC_WARN_UNUSED_FUNCTION = YES;
				GCC_WARN_UNUSED_VARIABLE = YES;
				IPHONEOS_DEPLOYMENT_TARGET = 15.2;
				MTL_ENABLE_DEBUG_INFO = NO;
				MTL_FAST_MATH = YES;
				SDKROOT = iphoneos;
				SWIFT_COMPILATION_MODE = wholemodule;
				SWIFT_OPTIMIZATION_LEVEL = "-O";
				VALIDATE_PRODUCT = YES;
			};
			name = Release;
		};
		633F28542A0665E100124B24 /* Debug */ = {
			isa = XCBuildConfiguration;
			baseConfigurationReference = 5126B9613072E57CD80A079D /* Pods-HabitsTrackeriOS.debug.xcconfig */;
			buildSettings = {
				ASSETCATALOG_COMPILER_APPICON_NAME = AppIcon;
				ASSETCATALOG_COMPILER_GLOBAL_ACCENT_COLOR_NAME = AccentColor;
				CODE_SIGN_STYLE = Automatic;
				CURRENT_PROJECT_VERSION = 1;
				DEVELOPMENT_TEAM = WV8ZN37WK4;
				GENERATE_INFOPLIST_FILE = YES;
				INFOPLIST_FILE = HabitsTrackeriOS/Info.plist;
				INFOPLIST_KEY_UIApplicationSupportsIndirectInputEvents = YES;
				INFOPLIST_KEY_UILaunchStoryboardName = LaunchScreen;
				INFOPLIST_KEY_UIMainStoryboardFile = Main;
				INFOPLIST_KEY_UISupportedInterfaceOrientations_iPad = "UIInterfaceOrientationPortrait UIInterfaceOrientationPortraitUpsideDown UIInterfaceOrientationLandscapeLeft UIInterfaceOrientationLandscapeRight";
				INFOPLIST_KEY_UISupportedInterfaceOrientations_iPhone = "UIInterfaceOrientationPortrait UIInterfaceOrientationLandscapeLeft UIInterfaceOrientationLandscapeRight";
				LD_RUNPATH_SEARCH_PATHS = (
					"$(inherited)",
					"@executable_path/Frameworks",
				);
				MARKETING_VERSION = 1.0;
				PRODUCT_BUNDLE_IDENTIFIER = com.testMakers.HabitsTrackeriOS;
				PRODUCT_NAME = "$(TARGET_NAME)";
				SWIFT_EMIT_LOC_STRINGS = YES;
				SWIFT_VERSION = 5.0;
				TARGETED_DEVICE_FAMILY = "1,2";
			};
			name = Debug;
		};
		633F28552A0665E100124B24 /* Release */ = {
			isa = XCBuildConfiguration;
			baseConfigurationReference = EDFA47962A68F82B8A9C5352 /* Pods-HabitsTrackeriOS.release.xcconfig */;
			buildSettings = {
				ASSETCATALOG_COMPILER_APPICON_NAME = AppIcon;
				ASSETCATALOG_COMPILER_GLOBAL_ACCENT_COLOR_NAME = AccentColor;
				CODE_SIGN_STYLE = Automatic;
				CURRENT_PROJECT_VERSION = 1;
				DEVELOPMENT_TEAM = WV8ZN37WK4;
				GENERATE_INFOPLIST_FILE = YES;
				INFOPLIST_FILE = HabitsTrackeriOS/Info.plist;
				INFOPLIST_KEY_UIApplicationSupportsIndirectInputEvents = YES;
				INFOPLIST_KEY_UILaunchStoryboardName = LaunchScreen;
				INFOPLIST_KEY_UIMainStoryboardFile = Main;
				INFOPLIST_KEY_UISupportedInterfaceOrientations_iPad = "UIInterfaceOrientationPortrait UIInterfaceOrientationPortraitUpsideDown UIInterfaceOrientationLandscapeLeft UIInterfaceOrientationLandscapeRight";
				INFOPLIST_KEY_UISupportedInterfaceOrientations_iPhone = "UIInterfaceOrientationPortrait UIInterfaceOrientationLandscapeLeft UIInterfaceOrientationLandscapeRight";
				LD_RUNPATH_SEARCH_PATHS = (
					"$(inherited)",
					"@executable_path/Frameworks",
				);
				MARKETING_VERSION = 1.0;
				PRODUCT_BUNDLE_IDENTIFIER = com.testMakers.HabitsTrackeriOS;
				PRODUCT_NAME = "$(TARGET_NAME)";
				SWIFT_EMIT_LOC_STRINGS = YES;
				SWIFT_VERSION = 5.0;
				TARGETED_DEVICE_FAMILY = "1,2";
			};
			name = Release;
		};
/* End XCBuildConfiguration section */

/* Begin XCConfigurationList section */
		633F283A2A0665DD00124B24 /* Build configuration list for PBXProject "HabitsTrackeriOS" */ = {
			isa = XCConfigurationList;
			buildConfigurations = (
				633F28512A0665E100124B24 /* Debug */,
				633F28522A0665E100124B24 /* Release */,
			);
			defaultConfigurationIsVisible = 0;
			defaultConfigurationName = Release;
		};
		633F28532A0665E100124B24 /* Build configuration list for PBXNativeTarget "HabitsTrackeriOS" */ = {
			isa = XCConfigurationList;
			buildConfigurations = (
				633F28542A0665E100124B24 /* Debug */,
				633F28552A0665E100124B24 /* Release */,
			);
			defaultConfigurationIsVisible = 0;
			defaultConfigurationName = Release;
		};
/* End XCConfigurationList section */
	};
	rootObject = 633F28372A0665DD00124B24 /* Project object */;
}
